{
  "name": "rust-calc",
  "version": "1.0.0",
  "lockfileVersion": 3,
  "requires": true,
  "packages": {
    "": {
      "name": "rust-calc",
      "version": "1.0.0",
      "license": "ISC",
      "dependencies": {
        "rust-calc": "file:../rust-calc/target/pkg-node"
      },
      "devDependencies": {
        "typescript": "^5.4.5"
      }
    },
    "../rust-calc/target/pkg-node": {
      "version": "0.1.0"
    },
    "node_modules/rust-calc": {
      "resolved": "../rust-calc/target/pkg-node",
      "link": true
    },
    "node_modules/typescript": {
      "version": "5.4.5",
      "resolved": "https://registry.npmjs.org/typescript/-/typescript-5.4.5.tgz",
      "integrity": "sha512-vcI4UpRgg81oIRUFwR0WSIHKt11nJ7SAVlYNIu+QpqeyXP+gpQJy/Z4+F0aGxSE4MqwjyXvW/TzgkLAx2AGHwQ==",
      "dev": true,
      "bin": {
        "tsc": "bin/tsc",
        "tsserver": "bin/tsserver"
      },
      "engines": {
        "node": ">=14.17"
      }
    }
  }
}
